
Microsoft Visual Studio Solution File, Format Version 12.00
# Visual Studio Version 16
VisualStudioVersion = 16.0.31605.320
MinimumVisualStudioVersion = 10.0.40219.1
Project("{9A19103F-16F7-4668-BE54-9A1E7A4F7556}") = "ConsoleApp", "ConsoleApp\ConsoleApp.csproj", "{D1B6DD9A-173A-45FE-925F-22E35016B067}"
EndProject
Project("{9A19103F-16F7-4668-BE54-9A1E7A4F7556}") = "DataLayer", "DataLayer\DataLayer.csproj", "{324CBB12-DBDE-4D2A-815F-C709FF7B8E4E}"
EndProject
Project("{9A19103F-16F7-4668-BE54-9A1E7A4F7556}") = "Domain", "Domain\Domain.csproj", "{8D290B19-F95B-4A16-B962-B8445B1ABD63}"
EndProject
Project("{9A19103F-16F7-4668-BE54-9A1E7A4F7556}") = "WebRestaurant", "WebRestaurant\WebRestaurant.csproj", "{1FDEC7AF-4343-4AB5-9039-D18231B81285}"
EndProject
Project("{FAE04EC0-301F-11D3-BF4B-00C04F79EFBC}") = "Tests", "Tests\Tests.csproj", "{FA874268-28E1-49AC-A7AD-73FBED8A631B}"
EndProject
Global
	GlobalSection(SolutionConfigurationPlatforms) = preSolution
		Debug|Any CPU = Debug|Any CPU
		Release|Any CPU = Release|Any CPU
	EndGlobalSection
	GlobalSection(ProjectConfigurationPlatforms) = postSolution
		{D1B6DD9A-173A-45FE-925F-22E35016B067}.Debug|Any CPU.ActiveCfg = Debug|Any CPU
		{D1B6DD9A-173A-45FE-925F-22E35016B067}.Debug|Any CPU.Build.0 = Debug|Any CPU
		{D1B6DD9A-173A-45FE-925F-22E35016B067}.Release|Any CPU.ActiveCfg = Release|Any CPU
		{D1B6DD9A-173A-45FE-925F-22E35016B067}.Release|Any CPU.Build.0 = Release|Any CPU
		{324CBB12-DBDE-4D2A-815F-C709FF7B8E4E}.Debug|Any CPU.ActiveCfg = Debug|Any CPU
		{324CBB12-DBDE-4D2A-815F-C709FF7B8E4E}.Debug|Any CPU.Build.0 = Debug|Any CPU
		{324CBB12-DBDE-4D2A-815F-C709FF7B8E4E}.Release|Any CPU.ActiveCfg = Release|Any CPU
		{324CBB12-DBDE-4D2A-815F-C709FF7B8E4E}.Release|Any CPU.Build.0 = Release|Any CPU
		{8D290B19-F95B-4A16-B962-B8445B1ABD63}.Debug|Any CPU.ActiveCfg = Debug|Any CPU
		{8D290B19-F95B-4A16-B962-B8445B1ABD63}.Debug|Any CPU.Build.0 = Debug|Any CPU
		{8D290B19-F95B-4A16-B962-B8445B1ABD63}.Release|Any CPU.ActiveCfg = Release|Any CPU
		{8D290B19-F95B-4A16-B962-B8445B1ABD63}.Release|Any CPU.Build.0 = Release|Any CPU
		{1FDEC7AF-4343-4AB5-9039-D18231B81285}.Debug|Any CPU.ActiveCfg = Debug|Any CPU
		{1FDEC7AF-4343-4AB5-9039-D18231B81285}.Debug|Any CPU.Build.0 = Debug|Any CPU
		{1FDEC7AF-4343-4AB5-9039-D18231B81285}.Release|Any CPU.ActiveCfg = Release|Any CPU
		{1FDEC7AF-4343-4AB5-9039-D18231B81285}.Release|Any CPU.Build.0 = Release|Any CPU
		{FA874268-28E1-49AC-A7AD-73FBED8A631B}.Debug|Any CPU.ActiveCfg = Debug|Any CPU
		{FA874268-28E1-49AC-A7AD-73FBED8A631B}.Debug|Any CPU.Build.0 = Debug|Any CPU
		{FA874268-28E1-49AC-A7AD-73FBED8A631B}.Release|Any CPU.ActiveCfg = Release|Any CPU
		{FA874268-28E1-49AC-A7AD-73FBED8A631B}.Release|Any CPU.Build.0 = Release|Any CPU
	EndGlobalSection
	GlobalSection(SolutionProperties) = preSolution
		HideSolutionNode = FALSE
	EndGlobalSection
	GlobalSection(ExtensibilityGlobals) = postSolution
		SolutionGuid = {0CF2E374-FA0F-460F-BB1B-0B8F82C7F018}
	EndGlobalSection
EndGlobal
